
Microsoft Visual Studio Solution File, Format Version 12.00
# Visual Studio Version 18
VisualStudioVersion = 18.1.11312.151 d18.0
MinimumVisualStudioVersion = 10.0.40219.1
Project("{FAE04EC0-301F-11D3-BF4B-00C04F79EFBC}") = "Vext", "Vext\Vext.csproj", "{D78A720A-263F-42A6-A36A-E23386F7130D}"
EndProject
Global
	GlobalSection(SolutionConfigurationPlatforms) = preSolution
		Debug|Any CPU = Debug|Any CPU
		Release|Any CPU = Release|Any CPU
	EndGlobalSection
	GlobalSection(ProjectConfigurationPlatforms) = postSolution
		{D78A720A-263F-42A6-A36A-E23386F7130D}.Debug|Any CPU.ActiveCfg = Debug|Any CPU
		{D78A720A-263F-42A6-A36A-E23386F7130D}.Debug|Any CPU.Build.0 = Debug|Any CPU
		{D78A720A-263F-42A6-A36A-E23386F7130D}.Release|Any CPU.ActiveCfg = Release|Any CPU
		{D78A720A-263F-42A6-A36A-E23386F7130D}.Release|Any CPU.Build.0 = Release|Any CPU
	EndGlobalSection
	GlobalSection(SolutionProperties) = preSolution
		HideSolutionNode = FALSE
	EndGlobalSection
	GlobalSection(ExtensibilityGlobals) = postSolution
		SolutionGuid = {C53D85A3-1065-4765-B582-9220E78C3282}
	EndGlobalSection
EndGlobal
