
Microsoft Visual Studio Solution File, Format Version 12.00
# Visual Studio Version 18
VisualStudioVersion = 18.1.11312.151
MinimumVisualStudioVersion = 10.0.40219.1
Project("{FAE04EC0-301F-11D3-BF4B-00C04F79EFBC}") = "Vext.Compiler", "Vext\Vext.Compiler.csproj", "{D78A720A-263F-42A6-A36A-E23386F7130D}"
EndProject
Project("{FAE04EC0-301F-11D3-BF4B-00C04F79EFBC}") = "Vext.TestRunner", "Vext.TestRunner\Vext.TestRunner.csproj", "{11C8CB6A-EFCE-4EBD-89A5-6945B77D390D}"
EndProject
Project("{FAE04EC0-301F-11D3-BF4B-00C04F79EFBC}") = "Vext.LSP", "Vext.LSP\Vext.LSP.csproj", "{1C0BFCD6-989B-41B3-B393-82A93AF4E51D}"
EndProject
Project("{FAE04EC0-301F-11D3-BF4B-00C04F79EFBC}") = "Vext.Runtime", "Runtime\Vext.Runtime.csproj", "{6CA6F432-4FB1-4D43-A349-45377D14990F}"
EndProject
Project("{FAE04EC0-301F-11D3-BF4B-00C04F79EFBC}") = "Vext.Shared", "Vext.Shared\Vext.Shared.csproj", "{700E193F-BC06-4A63-85A0-93780C469950}"
EndProject
Project("{2150E333-8FDC-42A3-9474-1A3956D46DE8}") = "Tests", "Tests", "{0AB3BF05-4346-4AA6-1389-037BE0695223}"
EndProject
Project("{FAE04EC0-301F-11D3-BF4B-00C04F79EFBC}") = "Vext.Tests", "Tests\Vext.Tests\Vext.Tests.csproj", "{7383DB48-0D5E-412A-9401-DA3427A6985F}"
EndProject
Global
	GlobalSection(SolutionConfigurationPlatforms) = preSolution
		Debug|Any CPU = Debug|Any CPU
		Debug|x64 = Debug|x64
		Debug|x86 = Debug|x86
		Release|Any CPU = Release|Any CPU
		Release|x64 = Release|x64
		Release|x86 = Release|x86
	EndGlobalSection
	GlobalSection(ProjectConfigurationPlatforms) = postSolution
		{D78A720A-263F-42A6-A36A-E23386F7130D}.Debug|Any CPU.ActiveCfg = Debug|Any CPU
		{D78A720A-263F-42A6-A36A-E23386F7130D}.Debug|Any CPU.Build.0 = Debug|Any CPU
		{D78A720A-263F-42A6-A36A-E23386F7130D}.Debug|x64.ActiveCfg = Debug|Any CPU
		{D78A720A-263F-42A6-A36A-E23386F7130D}.Debug|x64.Build.0 = Debug|Any CPU
		{D78A720A-263F-42A6-A36A-E23386F7130D}.Debug|x86.ActiveCfg = Debug|Any CPU
		{D78A720A-263F-42A6-A36A-E23386F7130D}.Debug|x86.Build.0 = Debug|Any CPU
		{D78A720A-263F-42A6-A36A-E23386F7130D}.Release|Any CPU.ActiveCfg = Release|Any CPU
		{D78A720A-263F-42A6-A36A-E23386F7130D}.Release|Any CPU.Build.0 = Release|Any CPU
		{D78A720A-263F-42A6-A36A-E23386F7130D}.Release|x64.ActiveCfg = Release|Any CPU
		{D78A720A-263F-42A6-A36A-E23386F7130D}.Release|x64.Build.0 = Release|Any CPU
		{D78A720A-263F-42A6-A36A-E23386F7130D}.Release|x86.ActiveCfg = Release|Any CPU
		{D78A720A-263F-42A6-A36A-E23386F7130D}.Release|x86.Build.0 = Release|Any CPU
		{11C8CB6A-EFCE-4EBD-89A5-6945B77D390D}.Debug|Any CPU.ActiveCfg = Debug|Any CPU
		{11C8CB6A-EFCE-4EBD-89A5-6945B77D390D}.Debug|Any CPU.Build.0 = Debug|Any CPU
		{11C8CB6A-EFCE-4EBD-89A5-6945B77D390D}.Debug|x64.ActiveCfg = Debug|Any CPU
		{11C8CB6A-EFCE-4EBD-89A5-6945B77D390D}.Debug|x64.Build.0 = Debug|Any CPU
		{11C8CB6A-EFCE-4EBD-89A5-6945B77D390D}.Debug|x86.ActiveCfg = Debug|Any CPU
		{11C8CB6A-EFCE-4EBD-89A5-6945B77D390D}.Debug|x86.Build.0 = Debug|Any CPU
		{11C8CB6A-EFCE-4EBD-89A5-6945B77D390D}.Release|Any CPU.ActiveCfg = Release|Any CPU
		{11C8CB6A-EFCE-4EBD-89A5-6945B77D390D}.Release|Any CPU.Build.0 = Release|Any CPU
		{11C8CB6A-EFCE-4EBD-89A5-6945B77D390D}.Release|x64.ActiveCfg = Release|Any CPU
		{11C8CB6A-EFCE-4EBD-89A5-6945B77D390D}.Release|x64.Build.0 = Release|Any CPU
		{11C8CB6A-EFCE-4EBD-89A5-6945B77D390D}.Release|x86.ActiveCfg = Release|Any CPU
		{11C8CB6A-EFCE-4EBD-89A5-6945B77D390D}.Release|x86.Build.0 = Release|Any CPU
		{1C0BFCD6-989B-41B3-B393-82A93AF4E51D}.Debug|Any CPU.ActiveCfg = Debug|Any CPU
		{1C0BFCD6-989B-41B3-B393-82A93AF4E51D}.Debug|Any CPU.Build.0 = Debug|Any CPU
		{1C0BFCD6-989B-41B3-B393-82A93AF4E51D}.Debug|x64.ActiveCfg = Debug|Any CPU
		{1C0BFCD6-989B-41B3-B393-82A93AF4E51D}.Debug|x64.Build.0 = Debug|Any CPU
		{1C0BFCD6-989B-41B3-B393-82A93AF4E51D}.Debug|x86.ActiveCfg = Debug|Any CPU
		{1C0BFCD6-989B-41B3-B393-82A93AF4E51D}.Debug|x86.Build.0 = Debug|Any CPU
		{1C0BFCD6-989B-41B3-B393-82A93AF4E51D}.Release|Any CPU.ActiveCfg = Release|Any CPU
		{1C0BFCD6-989B-41B3-B393-82A93AF4E51D}.Release|Any CPU.Build.0 = Release|Any CPU
		{1C0BFCD6-989B-41B3-B393-82A93AF4E51D}.Release|x64.ActiveCfg = Release|Any CPU
		{1C0BFCD6-989B-41B3-B393-82A93AF4E51D}.Release|x64.Build.0 = Release|Any CPU
		{1C0BFCD6-989B-41B3-B393-82A93AF4E51D}.Release|x86.ActiveCfg = Release|Any CPU
		{1C0BFCD6-989B-41B3-B393-82A93AF4E51D}.Release|x86.Build.0 = Release|Any CPU
		{6CA6F432-4FB1-4D43-A349-45377D14990F}.Debug|Any CPU.ActiveCfg = Debug|Any CPU
		{6CA6F432-4FB1-4D43-A349-45377D14990F}.Debug|Any CPU.Build.0 = Debug|Any CPU
		{6CA6F432-4FB1-4D43-A349-45377D14990F}.Debug|x64.ActiveCfg = Debug|Any CPU
		{6CA6F432-4FB1-4D43-A349-45377D14990F}.Debug|x64.Build.0 = Debug|Any CPU
		{6CA6F432-4FB1-4D43-A349-45377D14990F}.Debug|x86.ActiveCfg = Debug|Any CPU
		{6CA6F432-4FB1-4D43-A349-45377D14990F}.Debug|x86.Build.0 = Debug|Any CPU
		{6CA6F432-4FB1-4D43-A349-45377D14990F}.Release|Any CPU.ActiveCfg = Release|Any CPU
		{6CA6F432-4FB1-4D43-A349-45377D14990F}.Release|Any CPU.Build.0 = Release|Any CPU
		{6CA6F432-4FB1-4D43-A349-45377D14990F}.Release|x64.ActiveCfg = Release|Any CPU
		{6CA6F432-4FB1-4D43-A349-45377D14990F}.Release|x64.Build.0 = Release|Any CPU
		{6CA6F432-4FB1-4D43-A349-45377D14990F}.Release|x86.ActiveCfg = Release|Any CPU
		{6CA6F432-4FB1-4D43-A349-45377D14990F}.Release|x86.Build.0 = Release|Any CPU
		{700E193F-BC06-4A63-85A0-93780C469950}.Debug|Any CPU.ActiveCfg = Debug|Any CPU
		{700E193F-BC06-4A63-85A0-93780C469950}.Debug|Any CPU.Build.0 = Debug|Any CPU
		{700E193F-BC06-4A63-85A0-93780C469950}.Debug|x64.ActiveCfg = Debug|Any CPU
		{700E193F-BC06-4A63-85A0-93780C469950}.Debug|x64.Build.0 = Debug|Any CPU
		{700E193F-BC06-4A63-85A0-93780C469950}.Debug|x86.ActiveCfg = Debug|Any CPU
		{700E193F-BC06-4A63-85A0-93780C469950}.Debug|x86.Build.0 = Debug|Any CPU
		{700E193F-BC06-4A63-85A0-93780C469950}.Release|Any CPU.ActiveCfg = Release|Any CPU
		{700E193F-BC06-4A63-85A0-93780C469950}.Release|Any CPU.Build.0 = Release|Any CPU
		{700E193F-BC06-4A63-85A0-93780C469950}.Release|x64.ActiveCfg = Release|Any CPU
		{700E193F-BC06-4A63-85A0-93780C469950}.Release|x64.Build.0 = Release|Any CPU
		{700E193F-BC06-4A63-85A0-93780C469950}.Release|x86.ActiveCfg = Release|Any CPU
		{700E193F-BC06-4A63-85A0-93780C469950}.Release|x86.Build.0 = Release|Any CPU
		{7383DB48-0D5E-412A-9401-DA3427A6985F}.Debug|Any CPU.ActiveCfg = Debug|Any CPU
		{7383DB48-0D5E-412A-9401-DA3427A6985F}.Debug|Any CPU.Build.0 = Debug|Any CPU
		{7383DB48-0D5E-412A-9401-DA3427A6985F}.Debug|x64.ActiveCfg = Debug|Any CPU
		{7383DB48-0D5E-412A-9401-DA3427A6985F}.Debug|x64.Build.0 = Debug|Any CPU
		{7383DB48-0D5E-412A-9401-DA3427A6985F}.Debug|x86.ActiveCfg = Debug|Any CPU
		{7383DB48-0D5E-412A-9401-DA3427A6985F}.Debug|x86.Build.0 = Debug|Any CPU
		{7383DB48-0D5E-412A-9401-DA3427A6985F}.Release|Any CPU.ActiveCfg = Release|Any CPU
		{7383DB48-0D5E-412A-9401-DA3427A6985F}.Release|Any CPU.Build.0 = Release|Any CPU
		{7383DB48-0D5E-412A-9401-DA3427A6985F}.Release|x64.ActiveCfg = Release|Any CPU
		{7383DB48-0D5E-412A-9401-DA3427A6985F}.Release|x64.Build.0 = Release|Any CPU
		{7383DB48-0D5E-412A-9401-DA3427A6985F}.Release|x86.ActiveCfg = Release|Any CPU
		{7383DB48-0D5E-412A-9401-DA3427A6985F}.Release|x86.Build.0 = Release|Any CPU
	EndGlobalSection
	GlobalSection(SolutionProperties) = preSolution
		HideSolutionNode = FALSE
	EndGlobalSection
	GlobalSection(NestedProjects) = preSolution
		{7383DB48-0D5E-412A-9401-DA3427A6985F} = {0AB3BF05-4346-4AA6-1389-037BE0695223}
	EndGlobalSection
	GlobalSection(ExtensibilityGlobals) = postSolution
		SolutionGuid = {C53D85A3-1065-4765-B582-9220E78C3282}
	EndGlobalSection
EndGlobal
